// !$*UTF8*$!
{
	archiveVersion = 1;
	classes = {
	};
	objectVersion = 56;
	objects = {

/* Begin PBXBuildFile section */
		EC6A9DCE2A17E8F000D1A79C /* AppDelegate.swift in Sources */ = {isa = PBXBuildFile; fileRef = EC6A9DCD2A17E8F000D1A79C /* AppDelegate.swift */; };
		EC6A9DD02A17E8F000D1A79C /* SceneDelegate.swift in Sources */ = {isa = PBXBuildFile; fileRef = EC6A9DCF2A17E8F000D1A79C /* SceneDelegate.swift */; };
		EC6A9DD22A17E8F000D1A79C /* ViewController.swift in Sources */ = {isa = PBXBuildFile; fileRef = EC6A9DD12A17E8F000D1A79C /* ViewController.swift */; };
		EC6A9DD72A17E8F200D1A79C /* Assets.xcassets in Resources */ = {isa = PBXBuildFile; fileRef = EC6A9DD62A17E8F200D1A79C /* Assets.xcassets */; };
		EC6A9DDA2A17E8F200D1A79C /* LaunchScreen.storyboard in Resources */ = {isa = PBXBuildFile; fileRef = EC6A9DD82A17E8F200D1A79C /* LaunchScreen.storyboard */; };
		EC6A9DE42A17EF8E00D1A79C /* ImageCell.swift in Sources */ = {isa = PBXBuildFile; fileRef = EC6A9DE32A17EF8E00D1A79C /* ImageCell.swift */; };
/* End PBXBuildFile section */

/* Begin PBXFileReference section */
		EC6A9DCA2A17E8F000D1A79C /* UIPageControl.app */ = {isa = PBXFileReference; explicitFileType = wrapper.application; includeInIndex = 0; path = UIPageControl.app; sourceTree = BUILT_PRODUCTS_DIR; };
		EC6A9DCD2A17E8F000D1A79C /* AppDelegate.swift */ = {isa = PBXFileReference; lastKnownFileType = sourcecode.swift; path = AppDelegate.swift; sourceTree = "<group>"; };
		EC6A9DCF2A17E8F000D1A79C /* SceneDelegate.swift */ = {isa = PBXFileReference; lastKnownFileType = sourcecode.swift; path = SceneDelegate.swift; sourceTree = "<group>"; };
		EC6A9DD12A17E8F000D1A79C /* ViewController.swift */ = {isa = PBXFileReference; lastKnownFileType = sourcecode.swift; path = ViewController.swift; sourceTree = "<group>"; };
		EC6A9DD62A17E8F200D1A79C /* Assets.xcassets */ = {isa = PBXFileReference; lastKnownFileType = folder.assetcatalog; path = Assets.xcassets; sourceTree = "<group>"; };
		EC6A9DD92A17E8F200D1A79C /* Base */ = {isa = PBXFileReference; lastKnownFileType = file.storyboard; name = Base; path = Base.lproj/LaunchScreen.storyboard; sourceTree = "<group>"; };
		EC6A9DDB2A17E8F200D1A79C /* Info.plist */ = {isa = PBXFileReference; lastKnownFileType = text.plist.xml; path = Info.plist; sourceTree = "<group>"; };
		EC6A9DE32A17EF8E00D1A79C /* ImageCell.swift */ = {isa = PBXFileReference; lastKnownFileType = sourcecode.swift; path = ImageCell.swift; sourceTree = "<group>"; };
/* End PBXFileReference section */

/* Begin PBXFrameworksBuildPhase section */
		EC6A9DC72A17E8F000D1A79C /* Frameworks */ = {
			isa = PBXFrameworksBuildPhase;
			buildActionMask = 2147483647;
			files = (
			);
			runOnlyForDeploymentPostprocessing = 0;
		};
/* End PBXFrameworksBuildPhase section */

/* Begin PBXGroup section */
		EC6A9DC12A17E8F000D1A79C = {
			isa = PBXGroup;
			children = (
				EC6A9DCC2A17E8F000D1A79C /* UIPageControl */,
				EC6A9DCB2A17E8F000D1A79C /* Products */,
			);
			sourceTree = "<group>";
		};
		EC6A9DCB2A17E8F000D1A79C /* Products */ = {
			isa = PBXGroup;
			children = (
				EC6A9DCA2A17E8F000D1A79C /* UIPageControl.app */,
			);
			name = Products;
			sourceTree = "<group>";
		};
		EC6A9DCC2A17E8F000D1A79C /* UIPageControl */ = {
			isa = PBXGroup;
			children = (
				EC6A9DE12A17E94B00D1A79C /* Support */,
				EC6A9DD12A17E8F000D1A79C /* ViewController.swift */,
				EC6A9DE32A17EF8E00D1A79C /* ImageCell.swift */,
			);
			path = UIPageControl;
			sourceTree = "<group>";
		};
		EC6A9DE12A17E94B00D1A79C /* Support */ = {
			isa = PBXGroup;
			children = (
				EC6A9DD82A17E8F200D1A79C /* LaunchScreen.storyboard */,
				EC6A9DDB2A17E8F200D1A79C /* Info.plist */,
				EC6A9DD62A17E8F200D1A79C /* Assets.xcassets */,
				EC6A9DE22A17E95200D1A79C /* Delegate */,
			);
			path = Support;
			sourceTree = "<group>";
		};
		EC6A9DE22A17E95200D1A79C /* Delegate */ = {
			isa = PBXGroup;
			children = (
				EC6A9DCD2A17E8F000D1A79C /* AppDelegate.swift */,
				EC6A9DCF2A17E8F000D1A79C /* SceneDelegate.swift */,
			);
			path = Delegate;
			sourceTree = "<group>";
		};
/* End PBXGroup section */

/* Begin PBXNativeTarget section */
		EC6A9DC92A17E8F000D1A79C /* UIPageControl */ = {
			isa = PBXNativeTarget;
			buildConfigurationList = EC6A9DDE2A17E8F200D1A79C /* Build configuration list for PBXNativeTarget "UIPageControl" */;
			buildPhases = (
				EC6A9DC62A17E8F000D1A79C /* Sources */,
				EC6A9DC72A17E8F000D1A79C /* Frameworks */,
				EC6A9DC82A17E8F000D1A79C /* Resources */,
			);
			buildRules = (
			);
			dependencies = (
			);
			name = UIPageControl;
			productName = UIPageControl;
			productReference = EC6A9DCA2A17E8F000D1A79C /* UIPageControl.app */;
			productType = "com.apple.product-type.application";
		};
/* End PBXNativeTarget section */

/* Begin PBXProject section */
		EC6A9DC22A17E8F000D1A79C /* Project object */ = {
			isa = PBXProject;
			attributes = {
				BuildIndependentTargetsInParallel = 1;
				LastSwiftUpdateCheck = 1410;
				LastUpgradeCheck = 1410;
				TargetAttributes = {
					EC6A9DC92A17E8F000D1A79C = {
						CreatedOnToolsVersion = 14.1;
					};
				};
			};
			buildConfigurationList = EC6A9DC52A17E8F000D1A79C /* Build configuration list for PBXProject "UIPageControl" */;
			compatibilityVersion = "Xcode 14.0";
			developmentRegion = en;
			hasScannedForEncodings = 0;
			knownRegions = (
				en,
				Base,
			);
			mainGroup = EC6A9DC12A17E8F000D1A79C;
			productRefGroup = EC6A9DCB2A17E8F000D1A79C /* Products */;
			projectDirPath = "";
			projectRoot = "";
			targets = (
				EC6A9DC92A17E8F000D1A79C /* UIPageControl */,
			);
		};
/* End PBXProject section */

/* Begin PBXResourcesBuildPhase section */
		EC6A9DC82A17E8F000D1A79C /* Resources */ = {
			isa = PBXResourcesBuildPhase;
			buildActionMask = 2147483647;
			files = (
				EC6A9DDA2A17E8F200D1A79C /* LaunchScreen.storyboard in Resources */,
				EC6A9DD72A17E8F200D1A79C /* Assets.xcassets in Resources */,
			);
			runOnlyForDeploymentPostprocessing = 0;
		};
/* End PBXResourcesBuildPhase section */

/* Begin PBXSourcesBuildPhase section */
		EC6A9DC62A17E8F000D1A79C /* Sources */ = {
			isa = PBXSourcesBuildPhase;
			buildActionMask = 2147483647;
			files = (
				EC6A9DD22A17E8F000D1A79C /* ViewController.swift in Sources */,
				EC6A9DE42A17EF8E00D1A79C /* ImageCell.swift in Sources */,
				EC6A9DCE2A17E8F000D1A79C /* AppDelegate.swift in Sources */,
				EC6A9DD02A17E8F000D1A79C /* SceneDelegate.swift in Sources */,
			);
			runOnlyForDeploymentPostprocessing = 0;
		};
/* End PBXSourcesBuildPhase section */

/* Begin PBXVariantGroup section */
		EC6A9DD82A17E8F200D1A79C /* LaunchScreen.storyboard */ = {
			isa = PBXVariantGroup;
			children = (
				EC6A9DD92A17E8F200D1A79C /* Base */,
			);
			name = LaunchScreen.storyboard;
			sourceTree = "<group>";
		};
/* End PBXVariantGroup section */

/* Begin XCBuildConfiguration section */
		EC6A9DDC2A17E8F200D1A79C /* Debug */ = {
			isa = XCBuildConfiguration;
			buildSettings = {
				ALWAYS_SEARCH_USER_PATHS = NO;
				CLANG_ANALYZER_NONNULL = YES;
				CLANG_ANALYZER_NUMBER_OBJECT_CONVERSION = YES_AGGRESSIVE;
				CLANG_CXX_LANGUAGE_STANDARD = "gnu++20";
				CLANG_ENABLE_MODULES = YES;
				CLANG_ENABLE_OBJC_ARC = YES;
				CLANG_ENABLE_OBJC_WEAK = YES;
				CLANG_WARN_BLOCK_CAPTURE_AUTORELEASING = YES;
				CLANG_WARN_BOOL_CONVERSION = YES;
				CLANG_WARN_COMMA = YES;
				CLANG_WARN_CONSTANT_CONVERSION = YES;
				CLANG_WARN_DEPRECATED_OBJC_IMPLEMENTATIONS = YES;
				CLANG_WARN_DIRECT_OBJC_ISA_USAGE = YES_ERROR;
				CLANG_WARN_DOCUMENTATION_COMMENTS = YES;
				CLANG_WARN_EMPTY_BODY = YES;
				CLANG_WARN_ENUM_CONVERSION = YES;
				CLANG_WARN_INFINITE_RECURSION = YES;
				CLANG_WARN_INT_CONVERSION = YES;
				CLANG_WARN_NON_LITERAL_NULL_CONVERSION = YES;
				CLANG_WARN_OBJC_IMPLICIT_RETAIN_SELF = YES;
				CLANG_WARN_OBJC_LITERAL_CONVERSION = YES;
				CLANG_WARN_OBJC_ROOT_CLASS = YES_ERROR;
				CLANG_WARN_QUOTED_INCLUDE_IN_FRAMEWORK_HEADER = YES;
				CLANG_WARN_RANGE_LOOP_ANALYSIS = YES;
				CLANG_WARN_STRICT_PROTOTYPES = YES;
				CLANG_WARN_SUSPICIOUS_MOVE = YES;
				CLANG_WARN_UNGUARDED_AVAILABILITY = YES_AGGRESSIVE;
				CLANG_WARN_UNREACHABLE_CODE = YES;
				CLANG_WARN__DUPLICATE_METHOD_MATCH = YES;
				COPY_PHASE_STRIP = NO;
				DEBUG_INFORMATION_FORMAT = dwarf;
				ENABLE_STRICT_OBJC_MSGSEND = YES;
				ENABLE_TESTABILITY = YES;
				GCC_C_LANGUAGE_STANDARD = gnu11;
				GCC_DYNAMIC_NO_PIC = NO;
				GCC_NO_COMMON_BLOCKS = YES;
				GCC_OPTIMIZATION_LEVEL = 0;
				GCC_PREPROCESSOR_DEFINITIONS = (
					"DEBUG=1",
					"$(inherited)",
				);
				GCC_WARN_64_TO_32_BIT_CONVERSION = YES;
				GCC_WARN_ABOUT_RETURN_TYPE = YES_ERROR;
				GCC_WARN_UNDECLARED_SELECTOR = YES;
				GCC_WARN_UNINITIALIZED_AUTOS = YES_AGGRESSIVE;
				GCC_WARN_UNUSED_FUNCTION = YES;
				GCC_WARN_UNUSED_VARIABLE = YES;
				IPHONEOS_DEPLOYMENT_TARGET = 16.1;
				MTL_ENABLE_DEBUG_INFO = INCLUDE_SOURCE;
				MTL_FAST_MATH = YES;
				ONLY_ACTIVE_ARCH = YES;
				SDKROOT = iphoneos;
				SWIFT_ACTIVE_COMPILATION_CONDITIONS = DEBUG;
				SWIFT_OPTIMIZATION_LEVEL = "-Onone";
			};
			name = Debug;
		};
		EC6A9DDD2A17E8F200D1A79C /* Release */ = {
			isa = XCBuildConfiguration;
			buildSettings = {
				ALWAYS_SEARCH_USER_PATHS = NO;
				CLANG_ANALYZER_NONNULL = YES;
				CLANG_ANALYZER_NUMBER_OBJECT_CONVERSION = YES_AGGRESSIVE;
				CLANG_CXX_LANGUAGE_STANDARD = "gnu++20";
				CLANG_ENABLE_MODULES = YES;
				CLANG_ENABLE_OBJC_ARC = YES;
				CLANG_ENABLE_OBJC_WEAK = YES;
				CLANG_WARN_BLOCK_CAPTURE_AUTORELEASING = YES;
				CLANG_WARN_BOOL_CONVERSION = YES;
				CLANG_WARN_COMMA = YES;
				CLANG_WARN_CONSTANT_CONVERSION = YES;
				CLANG_WARN_DEPRECATED_OBJC_IMPLEMENTATIONS = YES;
				CLANG_WARN_DIRECT_OBJC_ISA_USAGE = YES_ERROR;
				CLANG_WARN_DOCUMENTATION_COMMENTS = YES;
				CLANG_WARN_EMPTY_BODY = YES;
				CLANG_WARN_ENUM_CONVERSION = YES;
				CLANG_WARN_INFINITE_RECURSION = YES;
				CLANG_WARN_INT_CONVERSION = YES;
				CLANG_WARN_NON_LITERAL_NULL_CONVERSION = YES;
				CLANG_WARN_OBJC_IMPLICIT_RETAIN_SELF = YES;
				CLANG_WARN_OBJC_LITERAL_CONVERSION = YES;
				CLANG_WARN_OBJC_ROOT_CLASS = YES_ERROR;
				CLANG_WARN_QUOTED_INCLUDE_IN_FRAMEWORK_HEADER = YES;
				CLANG_WARN_RANGE_LOOP_ANALYSIS = YES;
				CLANG_WARN_STRICT_PROTOTYPES = YES;
				CLANG_WARN_SUSPICIOUS_MOVE = YES;
				CLANG_WARN_UNGUARDED_AVAILABILITY = YES_AGGRESSIVE;
				CLANG_WARN_UNREACHABLE_CODE = YES;
				CLANG_WARN__DUPLICATE_METHOD_MATCH = YES;
				COPY_PHASE_STRIP = NO;
				DEBUG_INFORMATION_FORMAT = "dwarf-with-dsym";
				ENABLE_NS_ASSERTIONS = NO;
				ENABLE_STRICT_OBJC_MSGSEND = YES;
				GCC_C_LANGUAGE_STANDARD = gnu11;
				GCC_NO_COMMON_BLOCKS = YES;
				GCC_WARN_64_TO_32_BIT_CONVERSION = YES;
				GCC_WARN_ABOUT_RETURN_TYPE = YES_ERROR;
				GCC_WARN_UNDECLARED_SELECTOR = YES;
				GCC_WARN_UNINITIALIZED_AUTOS = YES_AGGRESSIVE;
				GCC_WARN_UNUSED_FUNCTION = YES;
				GCC_WARN_UNUSED_VARIABLE = YES;
				IPHONEOS_DEPLOYMENT_TARGET = 16.1;
				MTL_ENABLE_DEBUG_INFO = NO;
				MTL_FAST_MATH = YES;
				SDKROOT = iphoneos;
				SWIFT_COMPILATION_MODE = wholemodule;
				SWIFT_OPTIMIZATION_LEVEL = "-O";
				VALIDATE_PRODUCT = YES;
			};
			name = Release;
		};
		EC6A9DDF2A17E8F200D1A79C /* Debug */ = {
			isa = XCBuildConfiguration;
			buildSettings = {
				ASSETCATALOG_COMPILER_APPICON_NAME = AppIcon;
				ASSETCATALOG_COMPILER_GLOBAL_ACCENT_COLOR_NAME = AccentColor;
				CODE_SIGN_STYLE = Automatic;
				CURRENT_PROJECT_VERSION = 1;
				DEVELOPMENT_TEAM = 3KRQW7JR73;
				GENERATE_INFOPLIST_FILE = YES;
				INFOPLIST_FILE = UIPageControl/Support/Info.plist;
				INFOPLIST_KEY_UIApplicationSupportsIndirectInputEvents = YES;
				INFOPLIST_KEY_UILaunchStoryboardName = LaunchScreen;
				INFOPLIST_KEY_UISupportedInterfaceOrientations_iPad = "UIInterfaceOrientationPortrait UIInterfaceOrientationPortraitUpsideDown UIInterfaceOrientationLandscapeLeft UIInterfaceOrientationLandscapeRight";
				INFOPLIST_KEY_UISupportedInterfaceOrientations_iPhone = "UIInterfaceOrientationPortrait UIInterfaceOrientationLandscapeLeft UIInterfaceOrientationLandscapeRight";
				LD_RUNPATH_SEARCH_PATHS = (
					"$(inherited)",
					"@executable_path/Frameworks",
				);
				MARKETING_VERSION = 1.0;
				PRODUCT_BUNDLE_IDENTIFIER = enes.UIPageControl;
				PRODUCT_NAME = "$(TARGET_NAME)";
				SUPPORTED_PLATFORMS = "iphoneos iphonesimulator";
				SUPPORTS_MACCATALYST = NO;
				SUPPORTS_MAC_DESIGNED_FOR_IPHONE_IPAD = NO;
				SWIFT_EMIT_LOC_STRINGS = YES;
				SWIFT_VERSION = 5.0;
				TARGETED_DEVICE_FAMILY = 1;
			};
			name = Debug;
		};
		EC6A9DE02A17E8F200D1A79C /* Release */ = {
			isa = XCBuildConfiguration;
			buildSettings = {
				ASSETCATALOG_COMPILER_APPICON_NAME = AppIcon;
				ASSETCATALOG_COMPILER_GLOBAL_ACCENT_COLOR_NAME = AccentColor;
				CODE_SIGN_STYLE = Automatic;
				CURRENT_PROJECT_VERSION = 1;
				DEVELOPMENT_TEAM = 3KRQW7JR73;
				GENERATE_INFOPLIST_FILE = YES;
				INFOPLIST_FILE = UIPageControl/Support/Info.plist;
				INFOPLIST_KEY_UIApplicationSupportsIndirectInputEvents = YES;
				INFOPLIST_KEY_UILaunchStoryboardName = LaunchScreen;
				INFOPLIST_KEY_UISupportedInterfaceOrientations_iPad = "UIInterfaceOrientationPortrait UIInterfaceOrientationPortraitUpsideDown UIInterfaceOrientationLandscapeLeft UIInterfaceOrientationLandscapeRight";
				INFOPLIST_KEY_UISupportedInterfaceOrientations_iPhone = "UIInterfaceOrientationPortrait UIInterfaceOrientationLandscapeLeft UIInterfaceOrientationLandscapeRight";
				LD_RUNPATH_SEARCH_PATHS = (
					"$(inherited)",
					"@executable_path/Frameworks",
				);
				MARKETING_VERSION = 1.0;
				PRODUCT_BUNDLE_IDENTIFIER = enes.UIPageControl;
				PRODUCT_NAME = "$(TARGET_NAME)";
				SUPPORTED_PLATFORMS = "iphoneos iphonesimulator";
				SUPPORTS_MACCATALYST = NO;
				SUPPORTS_MAC_DESIGNED_FOR_IPHONE_IPAD = NO;
				SWIFT_EMIT_LOC_STRINGS = YES;
				SWIFT_VERSION = 5.0;
				TARGETED_DEVICE_FAMILY = 1;
			};
			name = Release;
		};
/* End XCBuildConfiguration section */

/* Begin XCConfigurationList section */
		EC6A9DC52A17E8F000D1A79C /* Build configuration list for PBXProject "UIPageControl" */ = {
			isa = XCConfigurationList;
			buildConfigurations = (
				EC6A9DDC2A17E8F200D1A79C /* Debug */,
				EC6A9DDD2A17E8F200D1A79C /* Release */,
			);
			defaultConfigurationIsVisible = 0;
			defaultConfigurationName = Release;
		};
		EC6A9DDE2A17E8F200D1A79C /* Build configuration list for PBXNativeTarget "UIPageControl" */ = {
			isa = XCConfigurationList;
			buildConfigurations = (
				EC6A9DDF2A17E8F200D1A79C /* Debug */,
				EC6A9DE02A17E8F200D1A79C /* Release */,
			);
			defaultConfigurationIsVisible = 0;
			defaultConfigurationName = Release;
		};
/* End XCConfigurationList section */
	};
	rootObject = EC6A9DC22A17E8F000D1A79C /* Project object */;
}
